Microsoft Visual Studio Solution File, Format Version 12.00
# Visual Studio 15
VisualStudioVersion = 15.0.28307.572
MinimumVisualStudioVersion = 10.0.40219.1
Project("{FAE04EC0-301F-11D3-BF4B-00C04F79EFBC}") = "ConsoleApp", "ConsoleApp\ConsoleApp.csproj", "{8C81E6A6-6CD6-4C94-9F61-370807E4722C}"
EndProject
Project("{9A19103F-16F7-4668-BE54-9A1E7A4F7556}") = "KeeperSdk", "KeeperSdk\KeeperSdk.csproj", "{29B50177-F7B4-46F6-B3DA-B9FEF269EEF2}"
EndProject
Project("{9A19103F-16F7-4668-BE54-9A1E7A4F7556}") = "Tests", "Tests\Tests.csproj", "{5B4AC1F3-3FEF-4701-9DF1-D20AFEF588AA}"
EndProject
Project("{FAE04EC0-301F-11D3-BF4B-00C04F79EFBC}") = "Commander", "Commander\Commander.csproj", "{8CB5CA92-64AD-47E7-AE6A-AE71249755EF}"
EndProject
Global
	GlobalSection(SolutionConfigurationPlatforms) = preSolution
		Debug|Any CPU = Debug|Any CPU
		Release|Any CPU = Release|Any CPU
	EndGlobalSection
	GlobalSection(ProjectConfigurationPlatforms) = postSolution
		{8C81E6A6-6CD6-4C94-9F61-370807E4722C}.Debug|Any CPU.ActiveCfg = Debug|Any CPU
		{8C81E6A6-6CD6-4C94-9F61-370807E4722C}.Debug|Any CPU.Build.0 = Debug|Any CPU
		{8C81E6A6-6CD6-4C94-9F61-370807E4722C}.Release|Any CPU.ActiveCfg = Release|Any CPU
		{8C81E6A6-6CD6-4C94-9F61-370807E4722C}.Release|Any CPU.Build.0 = Release|Any CPU
		{29B50177-F7B4-46F6-B3DA-B9FEF269EEF2}.Debug|Any CPU.ActiveCfg = Debug|Any CPU
		{29B50177-F7B4-46F6-B3DA-B9FEF269EEF2}.Debug|Any CPU.Build.0 = Debug|Any CPU
		{29B50177-F7B4-46F6-B3DA-B9FEF269EEF2}.Release|Any CPU.ActiveCfg = Release|Any CPU
		{29B50177-F7B4-46F6-B3DA-B9FEF269EEF2}.Release|Any CPU.Build.0 = Release|Any CPU
		{5B4AC1F3-3FEF-4701-9DF1-D20AFEF588AA}.Debug|Any CPU.ActiveCfg = Debug|Any CPU
		{5B4AC1F3-3FEF-4701-9DF1-D20AFEF588AA}.Debug|Any CPU.Build.0 = Debug|Any CPU
		{5B4AC1F3-3FEF-4701-9DF1-D20AFEF588AA}.Release|Any CPU.ActiveCfg = Release|Any CPU
		{5B4AC1F3-3FEF-4701-9DF1-D20AFEF588AA}.Release|Any CPU.Build.0 = Release|Any CPU
		{8CB5CA92-64AD-47E7-AE6A-AE71249755EF}.Debug|Any CPU.ActiveCfg = Debug|Any CPU
		{8CB5CA92-64AD-47E7-AE6A-AE71249755EF}.Debug|Any CPU.Build.0 = Debug|Any CPU
		{8CB5CA92-64AD-47E7-AE6A-AE71249755EF}.Release|Any CPU.ActiveCfg = Release|Any CPU
		{8CB5CA92-64AD-47E7-AE6A-AE71249755EF}.Release|Any CPU.Build.0 = Release|Any CPU
	EndGlobalSection
	GlobalSection(SolutionProperties) = preSolution
		HideSolutionNode = FALSE
	EndGlobalSection
	GlobalSection(ExtensibilityGlobals) = postSolution
		SolutionGuid = {1E1878D3-22CF-4F1A-BA9D-695D3C8892B0}
	EndGlobalSection
EndGlobal
